// !$*UTF8*$!
{
	archiveVersion = 1;
	classes = {
	};
	objectVersion = 46;
	objects = {

/* Begin PBXBuildFile section */
		367BF3991E75685A00F4725C /* AppDelegate.swift in Sources */ = {isa = PBXBuildFile; fileRef = 367BF3981E75685A00F4725C /* AppDelegate.swift */; };
		367BF39B1E75685A00F4725C /* ViewController.swift in Sources */ = {isa = PBXBuildFile; fileRef = 367BF39A1E75685A00F4725C /* ViewController.swift */; };
		367BF39E1E75685A00F4725C /* Main.storyboard in Resources */ = {isa = PBXBuildFile; fileRef = 367BF39C1E75685A00F4725C /* Main.storyboard */; };
		367BF3A01E75685A00F4725C /* Assets.xcassets in Resources */ = {isa = PBXBuildFile; fileRef = 367BF39F1E75685A00F4725C /* Assets.xcassets */; };
		367BF3A31E75685A00F4725C /* LaunchScreen.storyboard in Resources */ = {isa = PBXBuildFile; fileRef = 367BF3A11E75685A00F4725C /* LaunchScreen.storyboard */; };
/* End PBXBuildFile section */

/* Begin PBXFileReference section */
		367BF3951E75685A00F4725C /* TestRepository.app */ = {isa = PBXFileReference; explicitFileType = wrapper.application; includeInIndex = 0; path = TestRepository.app; sourceTree = BUILT_PRODUCTS_DIR; };
		367BF3981E75685A00F4725C /* AppDelegate.swift */ = {isa = PBXFileReference; lastKnownFileType = sourcecode.swift; path = AppDelegate.swift; sourceTree = "<group>"; };
		367BF39A1E75685A00F4725C /* ViewController.swift */ = {isa = PBXFileReference; lastKnownFileType = sourcecode.swift; path = ViewController.swift; sourceTree = "<group>"; };
		367BF39D1E75685A00F4725C /* Base */ = {isa = PBXFileReference; lastKnownFileType = file.storyboard; name = Base; path = Base.lproj/Main.storyboard; sourceTree = "<group>"; };
		367BF39F1E75685A00F4725C /* Assets.xcassets */ = {isa = PBXFileReference; lastKnownFileType = folder.assetcatalog; path = Assets.xcassets; sourceTree = "<group>"; };
		367BF3A21E75685A00F4725C /* Base */ = {isa = PBXFileReference; lastKnownFileType = file.storyboard; name = Base; path = Base.lproj/LaunchScreen.storyboard; sourceTree = "<group>"; };
		367BF3A41E75685A00F4725C /* Info.plist */ = {isa = PBXFileReference; lastKnownFileType = text.plist.xml; path = Info.plist; sourceTree = "<group>"; };
/* End PBXFileReference section */

/* Begin PBXFrameworksBuildPhase section */
		367BF3921E75685A00F4725C /* Frameworks */ = {
			isa = PBXFrameworksBuildPhase;
			buildActionMask = 2147483647;
			files = (
			);
			runOnlyForDeploymentPostprocessing = 0;
		};
/* End PBXFrameworksBuildPhase section */

/* Begin PBXGroup section */
		367BF38C1E75685A00F4725C = {
			isa = PBXGroup;
			children = (
				367BF3971E75685A00F4725C /* TestRepository */,
				367BF3961E75685A00F4725C /* Products */,
			);
			sourceTree = "<group>";
		};
		367BF3961E75685A00F4725C /* Products */ = {
			isa = PBXGroup;
			children = (
				367BF3951E75685A00F4725C /* TestRepository.app */,
			);
			name = Products;
			sourceTree = "<group>";
		};
		367BF3971E75685A00F4725C /* TestRepository */ = {
			isa = PBXGroup;
			children = (
				367BF3981E75685A00F4725C /* AppDelegate.swift */,
				367BF39A1E75685A00F4725C /* ViewController.swift */,
				367BF39C1E75685A00F4725C /* Main.storyboard */,
				367BF39F1E75685A00F4725C /* Assets.xcassets */,
				367BF3A11E75685A00F4725C /* LaunchScreen.storyboard */,
				367BF3A41E75685A00F4725C /* Info.plist */,
			);
			path = TestRepository;
			sourceTree = "<group>";
		};
/* End PBXGroup section */

/* Begin PBXNativeTarget section */
		367BF3941E75685A00F4725C /* TestRepository */ = {
			isa = PBXNativeTarget;
			buildConfigurationList = 367BF3A71E75685A00F4725C /* Build configuration list for PBXNativeTarget "TestRepository" */;
			buildPhases = (
				367BF3911E75685A00F4725C /* Sources */,
				367BF3921E75685A00F4725C /* Frameworks */,
				367BF3931E75685A00F4725C /* Resources */,
			);
			buildRules = (
			);
			dependencies = (
			);
			name = TestRepository;
			productName = TestRepository;
			productReference = 367BF3951E75685A00F4725C /* TestRepository.app */;
			productType = "com.apple.product-type.application";
		};
/* End PBXNativeTarget section */

/* Begin PBXProject section */
		367BF38D1E75685A00F4725C /* Project object */ = {
			isa = PBXProject;
			attributes = {
				LastSwiftUpdateCheck = 0820;
				LastUpgradeCheck = 0820;
				ORGANIZATIONNAME = Kentarou;
				TargetAttributes = {
					367BF3941E75685A00F4725C = {
						CreatedOnToolsVersion = 8.2.1;
						DevelopmentTeam = HY9CXX38QG;
						ProvisioningStyle = Automatic;
					};
				};
			};
			buildConfigurationList = 367BF3901E75685A00F4725C /* Build configuration list for PBXProject "TestRepository" */;
			compatibilityVersion = "Xcode 3.2";
			developmentRegion = English;
			hasScannedForEncodings = 0;
			knownRegions = (
				en,
				Base,
			);
			mainGroup = 367BF38C1E75685A00F4725C;
			productRefGroup = 367BF3961E75685A00F4725C /* Products */;
			projectDirPath = "";
			projectRoot = "";
			targets = (
				367BF3941E75685A00F4725C /* TestRepository */,
			);
		};
/* End PBXProject section */

/* Begin PBXResourcesBuildPhase section */
		367BF3931E75685A00F4725C /* Resources */ = {
			isa = PBXResourcesBuildPhase;
			buildActionMask = 2147483647;
			files = (
				367BF3A31E75685A00F4725C /* LaunchScreen.storyboard in Resources */,
				367BF3A01E75685A00F4725C /* Assets.xcassets in Resources */,
				367BF39E1E75685A00F4725C /* Main.storyboard in Resources */,
			);
			runOnlyForDeploymentPostprocessing = 0;
		};
/* End PBXResourcesBuildPhase section */

/* Begin PBXSourcesBuildPhase section */
		367BF3911E75685A00F4725C /* Sources */ = {
			isa = PBXSourcesBuildPhase;
			buildActionMask = 2147483647;
			files = (
				367BF39B1E75685A00F4725C /* ViewController.swift in Sources */,
				367BF3991E75685A00F4725C /* AppDelegate.swift in Sources */,
			);
			runOnlyForDeploymentPostprocessing = 0;
		};
/* End PBXSourcesBuildPhase section */

/* Begin PBXVariantGroup section */
		367BF39C1E75685A00F4725C /* Main.storyboard */ = {
			isa = PBXVariantGroup;
			children = (
				367BF39D1E75685A00F4725C /* Base */,
			);
			name = Main.storyboard;
			sourceTree = "<group>";
		};
		367BF3A11E75685A00F4725C /* LaunchScreen.storyboard */ = {
			isa = PBXVariantGroup;
			children = (
				367BF3A21E75685A00F4725C /* Base */,
			);
			name = LaunchScreen.storyboard;
			sourceTree = "<group>";
		};
/* End PBXVariantGroup section */

/* Begin XCBuildConfiguration section */
		367BF3A51E75685A00F4725C /* Debug */ = {
			isa = XCBuildConfiguration;
			buildSettings = {
				ALWAYS_SEARCH_USER_PATHS = NO;
				CLANG_ANALYZER_NONNULL = YES;
				CLANG_CXX_LANGUAGE_STANDARD = "gnu++0x";
				CLANG_CXX_LIBRARY = "libc++";
				CLANG_ENABLE_MODULES = YES;
				CLANG_ENABLE_OBJC_ARC = YES;
				CLANG_WARN_BOOL_CONVERSION = YES;
				CLANG_WARN_CONSTANT_CONVERSION = YES;
				CLANG_WARN_DIRECT_OBJC_ISA_USAGE = YES_ERROR;
				CLANG_WARN_DOCUMENTATION_COMMENTS = YES;
				CLANG_WARN_EMPTY_BODY = YES;
				CLANG_WARN_ENUM_CONVERSION = YES;
				CLANG_WARN_INFINITE_RECURSION = YES;
				CLANG_WARN_INT_CONVERSION = YES;
				CLANG_WARN_OBJC_ROOT_CLASS = YES_ERROR;
				CLANG_WARN_SUSPICIOUS_MOVE = YES;
				CLANG_WARN_UNREACHABLE_CODE = YES;
				CLANG_WARN__DUPLICATE_METHOD_MATCH = YES;
				"CODE_SIGN_IDENTITY[sdk=iphoneos*]" = "iPhone Developer";
				COPY_PHASE_STRIP = NO;
				DEBUG_INFORMATION_FORMAT = dwarf;
				ENABLE_STRICT_OBJC_MSGSEND = YES;
				ENABLE_TESTABILITY = YES;
				GCC_C_LANGUAGE_STANDARD = gnu99;
				GCC_DYNAMIC_NO_PIC = NO;
				GCC_NO_COMMON_BLOCKS = YES;
				GCC_OPTIMIZATION_LEVEL = 0;
				GCC_PREPROCESSOR_DEFINITIONS = (
					"DEBUG=1",
					"$(inherited)",
				);
				GCC_WARN_64_TO_32_BIT_CONVERSION = YES;
				GCC_WARN_ABOUT_RETURN_TYPE = YES_ERROR;
				GCC_WARN_UNDECLARED_SELECTOR = YES;
				GCC_WARN_UNINITIALIZED_AUTOS = YES_AGGRESSIVE;
				GCC_WARN_UNUSED_FUNCTION = YES;
				GCC_WARN_UNUSED_VARIABLE = YES;
				IPHONEOS_DEPLOYMENT_TARGET = 10.2;
				MTL_ENABLE_DEBUG_INFO = YES;
				ONLY_ACTIVE_ARCH = YES;
				SDKROOT = iphoneos;
				SWIFT_ACTIVE_COMPILATION_CONDITIONS = DEBUG;
				SWIFT_OPTIMIZATION_LEVEL = "-Onone";
			};
			name = Debug;
		};
		367BF3A61E75685A00F4725C /* Release */ = {
			isa = XCBuildConfiguration;
			buildSettings = {
				ALWAYS_SEARCH_USER_PATHS = NO;
				CLANG_ANALYZER_NONNULL = YES;
				CLANG_CXX_LANGUAGE_STANDARD = "gnu++0x";
				CLANG_CXX_LIBRARY = "libc++";
				CLANG_ENABLE_MODULES = YES;
				CLANG_ENABLE_OBJC_ARC = YES;
				CLANG_WARN_BOOL_CONVERSION = YES;
				CLANG_WARN_CONSTANT_CONVERSION = YES;
				CLANG_WARN_DIRECT_OBJC_ISA_USAGE = YES_ERROR;
				CLANG_WARN_DOCUMENTATION_COMMENTS = YES;
				CLANG_WARN_EMPTY_BODY = YES;
				CLANG_WARN_ENUM_CONVERSION = YES;
				CLANG_WARN_INFINITE_RECURSION = YES;
				CLANG_WARN_INT_CONVERSION = YES;
				CLANG_WARN_OBJC_ROOT_CLASS = YES_ERROR;
				CLANG_WARN_SUSPICIOUS_MOVE = YES;
				CLANG_WARN_UNREACHABLE_CODE = YES;
				CLANG_WARN__DUPLICATE_METHOD_MATCH = YES;
				"CODE_SIGN_IDENTITY[sdk=iphoneos*]" = "iPhone Developer";
				COPY_PHASE_STRIP = NO;
				DEBUG_INFORMATION_FORMAT = "dwarf-with-dsym";
				ENABLE_NS_ASSERTIONS = NO;
				ENABLE_STRICT_OBJC_MSGSEND = YES;
				GCC_C_LANGUAGE_STANDARD = gnu99;
				GCC_NO_COMMON_BLOCKS = YES;
				GCC_WARN_64_TO_32_BIT_CONVERSION = YES;
				GCC_WARN_ABOUT_RETURN_TYPE = YES_ERROR;
				GCC_WARN_UNDECLARED_SELECTOR = YES;
				GCC_WARN_UNINITIALIZED_AUTOS = YES_AGGRESSIVE;
				GCC_WARN_UNUSED_FUNCTION = YES;
				GCC_WARN_UNUSED_VARIABLE = YES;
				IPHONEOS_DEPLOYMENT_TARGET = 10.2;
				MTL_ENABLE_DEBUG_INFO = NO;
				SDKROOT = iphoneos;
				SWIFT_OPTIMIZATION_LEVEL = "-Owholemodule";
				VALIDATE_PRODUCT = YES;
			};
			name = Release;
		};
		367BF3A81E75685A00F4725C /* Debug */ = {
			isa = XCBuildConfiguration;
			buildSettings = {
				ASSETCATALOG_COMPILER_APPICON_NAME = AppIcon;
				DEVELOPMENT_TEAM = HY9CXX38QG;
				INFOPLIST_FILE = TestRepository/Info.plist;
				LD_RUNPATH_SEARCH_PATHS = "$(inherited) @executable_path/Frameworks";
				PRODUCT_BUNDLE_IDENTIFIER = me.kentarou.TestRepository;
				PRODUCT_NAME = "$(TARGET_NAME)";
				SWIFT_VERSION = 3.0;
			};
			name = Debug;
		};
		367BF3A91E75685A00F4725C /* Release */ = {
			isa = XCBuildConfiguration;
			buildSettings = {
				ASSETCATALOG_COMPILER_APPICON_NAME = AppIcon;
				DEVELOPMENT_TEAM = HY9CXX38QG;
				INFOPLIST_FILE = TestRepository/Info.plist;
				LD_RUNPATH_SEARCH_PATHS = "$(inherited) @executable_path/Frameworks";
				PRODUCT_BUNDLE_IDENTIFIER = me.kentarou.TestRepository;
				PRODUCT_NAME = "$(TARGET_NAME)";
				SWIFT_VERSION = 3.0;
			};
			name = Release;
		};
/* End XCBuildConfiguration section */

/* Begin XCConfigurationList section */
		367BF3901E75685A00F4725C /* Build configuration list for PBXProject "TestRepository" */ = {
			isa = XCConfigurationList;
			buildConfigurations = (
				367BF3A51E75685A00F4725C /* Debug */,
				367BF3A61E75685A00F4725C /* Release */,
			);
			defaultConfigurationIsVisible = 0;
			defaultConfigurationName = Release;
		};
		367BF3A71E75685A00F4725C /* Build configuration list for PBXNativeTarget "TestRepository" */ = {
			isa = XCConfigurationList;
			buildConfigurations = (
				367BF3A81E75685A00F4725C /* Debug */,
				367BF3A91E75685A00F4725C /* Release */,
			);
			defaultConfigurationIsVisible = 0;
		};
/* End XCConfigurationList section */
	};
	rootObject = 367BF38D1E75685A00F4725C /* Project object */;
}
